
Microsoft Visual Studio Solution File, Format Version 12.00
# Visual Studio Version 17
VisualStudioVersion = 17.12.35506.116 d17.12
MinimumVisualStudioVersion = 10.0.40219.1
Project("{FAE04EC0-301F-11D3-BF4B-00C04F79EFBC}") = "DesafiosDelGrupo13-HechasPorElGrupo19", "DesafiosDelGrupo13-HechasPorElGrupo19.csproj", "{DF8F566E-FAFA-464E-8B6D-0CC9474913F1}"
EndProject
Global
	GlobalSection(SolutionConfigurationPlatforms) = preSolution
		Debug|Any CPU = Debug|Any CPU
		Release|Any CPU = Release|Any CPU
	EndGlobalSection
	GlobalSection(ProjectConfigurationPlatforms) = postSolution
		{DF8F566E-FAFA-464E-8B6D-0CC9474913F1}.Debug|Any CPU.ActiveCfg = Debug|Any CPU
		{DF8F566E-FAFA-464E-8B6D-0CC9474913F1}.Debug|Any CPU.Build.0 = Debug|Any CPU
		{DF8F566E-FAFA-464E-8B6D-0CC9474913F1}.Release|Any CPU.ActiveCfg = Release|Any CPU
		{DF8F566E-FAFA-464E-8B6D-0CC9474913F1}.Release|Any CPU.Build.0 = Release|Any CPU
	EndGlobalSection
	GlobalSection(SolutionProperties) = preSolution
		HideSolutionNode = FALSE
	EndGlobalSection
EndGlobal
