
Microsoft Visual Studio Solution File, Format Version 12.00
# Visual Studio Version 17
VisualStudioVersion = 17.12.35506.116 d17.12
MinimumVisualStudioVersion = 10.0.40219.1
Project("{FAE04EC0-301F-11D3-BF4B-00C04F79EFBC}") = "Ejercicio grupo 06- DLL", "Ejercicio grupo 06- DLL.csproj", "{242A3230-43C1-47E1-939A-CA8EDC7F581D}"
EndProject
Project("{FAE04EC0-301F-11D3-BF4B-00C04F79EFBC}") = "AreasGeometricas.DLL", "..\AreasGeometricas.DLL\AreasGeometricas.DLL.csproj", "{26783274-16F0-40D7-857C-D34C69FA380A}"
EndProject
Global
	GlobalSection(SolutionConfigurationPlatforms) = preSolution
		Debug|Any CPU = Debug|Any CPU
		Release|Any CPU = Release|Any CPU
	EndGlobalSection
	GlobalSection(ProjectConfigurationPlatforms) = postSolution
		{242A3230-43C1-47E1-939A-CA8EDC7F581D}.Debug|Any CPU.ActiveCfg = Debug|Any CPU
		{242A3230-43C1-47E1-939A-CA8EDC7F581D}.Debug|Any CPU.Build.0 = Debug|Any CPU
		{242A3230-43C1-47E1-939A-CA8EDC7F581D}.Release|Any CPU.ActiveCfg = Release|Any CPU
		{242A3230-43C1-47E1-939A-CA8EDC7F581D}.Release|Any CPU.Build.0 = Release|Any CPU
		{26783274-16F0-40D7-857C-D34C69FA380A}.Debug|Any CPU.ActiveCfg = Debug|Any CPU
		{26783274-16F0-40D7-857C-D34C69FA380A}.Debug|Any CPU.Build.0 = Debug|Any CPU
		{26783274-16F0-40D7-857C-D34C69FA380A}.Release|Any CPU.ActiveCfg = Release|Any CPU
		{26783274-16F0-40D7-857C-D34C69FA380A}.Release|Any CPU.Build.0 = Release|Any CPU
	EndGlobalSection
	GlobalSection(SolutionProperties) = preSolution
		HideSolutionNode = FALSE
	EndGlobalSection
EndGlobal
